
Microsoft Visual Studio Solution File, Format Version 12.00
# Visual Studio Version 17
VisualStudioVersion = 17.0.32126.317
MinimumVisualStudioVersion = 10.0.40219.1
Project("{FAE04EC0-301F-11D3-BF4B-00C04F79EFBC}") = "EventPractice", "EventPractice\EventPractice.csproj", "{AE7381BF-02E0-4F6A-B2D7-B0D0F57E1017}"
EndProject
Global
	GlobalSection(SolutionConfigurationPlatforms) = preSolution
		Debug|Any CPU = Debug|Any CPU
		Release|Any CPU = Release|Any CPU
	EndGlobalSection
	GlobalSection(ProjectConfigurationPlatforms) = postSolution
		{AE7381BF-02E0-4F6A-B2D7-B0D0F57E1017}.Debug|Any CPU.ActiveCfg = Debug|Any CPU
		{AE7381BF-02E0-4F6A-B2D7-B0D0F57E1017}.Debug|Any CPU.Build.0 = Debug|Any CPU
		{AE7381BF-02E0-4F6A-B2D7-B0D0F57E1017}.Release|Any CPU.ActiveCfg = Release|Any CPU
		{AE7381BF-02E0-4F6A-B2D7-B0D0F57E1017}.Release|Any CPU.Build.0 = Release|Any CPU
	EndGlobalSection
	GlobalSection(SolutionProperties) = preSolution
		HideSolutionNode = FALSE
	EndGlobalSection
	GlobalSection(ExtensibilityGlobals) = postSolution
		SolutionGuid = {79BA50D6-BE6F-4FCD-851E-4488D758AFEC}
	EndGlobalSection
EndGlobal
